{
  "lockfileVersion": 1,
  "configVersion": 1,
  "workspaces": {
    "": {
      "name": "rork-functions",
      "dependencies": {
        "@hono/trpc-server": "^0.4.2",
        "@supabase/supabase-js": "^2.108.2",
        "@trpc/server": "^11.18.0",
        "hono": "^4.12.27",
        "superjson": "^2.2.6",
        "zod": "^4.4.3",
      },
    },
  },
  "packages": {
    "@hono/trpc-server": ["@hono/trpc-server@0.4.2", "", { "peerDependencies": { "@trpc/server": "^10.10.0 || >11.0.0-rc", "hono": ">=4.0.0" } }, "sha512-3TDrc42CZLgcTFkXQba+y7JlRWRiyw1AqhLqztWyNS2IFT+3bHld0lxKdGBttCtGKHYx0505dM67RMazjhdZqw=="],

    "@supabase/auth-js": ["@supabase/auth-js@2.108.2", "", { "dependencies": { "tslib": "2.8.1" } }, "sha512-tNaQmBgodDZwgB40mRwVbxFy8IDYwjdpcZ0BYrWiwlULCSQoJj4QoG4zgJT7QRPXcqipefNOzvO/qAu4dF98ag=="],

    "@supabase/functions-js": ["@supabase/functions-js@2.108.2", "", { "dependencies": { "tslib": "2.8.1" } }, "sha512-RNUX8EiBy3iLwAX19jtRzLyePnl11/fHcgwDHLnpKcDSXt/5qBnh3LUwAtIjT21Q66QsmNUR2esrHziLCpNubw=="],

    "@supabase/phoenix": ["@supabase/phoenix@0.4.4", "", {}, "sha512-Gt0pqoXuIqX/8dvG0OKp/wMCobXNH3klNbUPBNyOfN0YA1IswrM3HyWFMOPk1Jy+BRaIyDPcFx4jLBwHNmlyfQ=="],

    "@supabase/postgrest-js": ["@supabase/postgrest-js@2.108.2", "", { "dependencies": { "tslib": "2.8.1" } }, "sha512-GQ28/Y8hk3CFmkb3kXH1h/AQx6JIYSQfO0CJMRVBcEKZoNy6C45cXAZ4fcJvRC5Id0cs6xnkUV0+c0rIocigsw=="],

    "@supabase/realtime-js": ["@supabase/realtime-js@2.108.2", "", { "dependencies": { "@supabase/phoenix": "^0.4.2", "tslib": "2.8.1" } }, "sha512-aAGxCSUemZvQIibnCdvNvgaKib28I4rfrNjKbQ9cG1uBLwUsI7hVpGXgEbypCCDhLjQlDTAiJlu7rgljYUT73g=="],

    "@supabase/storage-js": ["@supabase/storage-js@2.108.2", "", { "dependencies": { "iceberg-js": "^0.8.1", "tslib": "2.8.1" } }, "sha512-TVZPQxXGxY2+A6yTtm77zUHsh70lBhYUEaJL8RQC+BghcX/ygiMG/rmXrNVBce30/WAeNPa8FiG8HbqlGeV05g=="],

    "@supabase/supabase-js": ["@supabase/supabase-js@2.108.2", "", { "dependencies": { "@supabase/auth-js": "2.108.2", "@supabase/functions-js": "2.108.2", "@supabase/postgrest-js": "2.108.2", "@supabase/realtime-js": "2.108.2", "@supabase/storage-js": "2.108.2" } }, "sha512-hFhnPveb5JQg4a0QYicM0swT253YHMdfeRAl2BKHOlI5VAzuHxUGSr8RbwNLYNPauWOgQMS1H8sz8bvYlgwUfQ=="],

    "@trpc/server": ["@trpc/server@11.18.0", "", { "peerDependencies": { "typescript": ">=5.7.2" }, "bin": { "intent": "bin/intent.js" } }, "sha512-JAvXOuNTxgXjIDfQaOvDq1j66LMNfDJUH1IU7Slfn8EvRv2EkH6ehu3A7zpYhjO0syHHiYg77v2lG2JFJgvw7Q=="],

    "copy-anything": ["copy-anything@4.0.5", "", { "dependencies": { "is-what": "^5.2.0" } }, "sha512-7Vv6asjS4gMOuILabD3l739tsaxFQmC+a7pLZm02zyvs8p977bL3zEgq3yDk5rn9B0PbYgIv++jmHcuUab4RhA=="],

    "hono": ["hono@4.12.27", "", {}, "sha512-1yrb/+w6HWQJrUCLkJ2IF5jNIPvvFkblV5RNOYl6bV+OA6p9GLcMpHFFGTosSvHvcAUibuUukRqhlYI4z32C7Q=="],

    "iceberg-js": ["iceberg-js@0.8.1", "", {}, "sha512-1dhVQZXhcHje7798IVM+xoo/1ZdVfzOMIc8/rgVSijRK38EDqOJoGula9N/8ZI5RD8QTxNQtK/Gozpr+qUqRRA=="],

    "is-what": ["is-what@5.5.0", "", {}, "sha512-oG7cgbmg5kLYae2N5IVd3jm2s+vldjxJzK1pcu9LfpGuQ93MQSzo0okvRna+7y5ifrD+20FE8FvjusyGaz14fw=="],

    "superjson": ["superjson@2.2.6", "", { "dependencies": { "copy-anything": "^4" } }, "sha512-H+ue8Zo4vJmV2nRjpx86P35lzwDT3nItnIsocgumgr0hHMQ+ZGq5vrERg9kJBo5AWGmxZDhzDo+WVIJqkB0cGA=="],

    "tslib": ["tslib@2.8.1", "", {}, "sha512-oJFu94HQb+KVduSUQL7wnpmqnfmLsOA/nAh6b6EH0wCEoK0/mPeXU6c3wKDV83MkOuHPRHtSXKKU99IBazS/2w=="],

    "typescript": ["typescript@6.0.3", "", { "bin": { "tsc": "bin/tsc", "tsserver": "bin/tsserver" } }, "sha512-y2TvuxSZPDyQakkFRPZHKFm+KKVqIisdg9/CZwm9ftvKXLP8NRWj38/ODjNbr43SsoXqNuAisEf1GdCxqWcdBw=="],

    "zod": ["zod@4.4.3", "", {}, "sha512-ytENFjIJFl2UwYglde2jchW2Hwm4GJFLDiSXWdTrJQBIN9Fcyp7n4DhxJEiWNAJMV1/BqWfW/kkg71UDcHJyTQ=="],
  }
}
